
Microsoft Visual Studio Solution File, Format Version 12.00
# Visual Studio 2013
VisualStudioVersion = 12.0.21005.1
MinimumVisualStudioVersion = 10.0.40219.1
Project("{FAE04EC0-301F-11D3-BF4B-00C04F79EFBC}") = "Flyinn", "Flyinn\Flyinn.csproj", "{3DFADF42-7446-43CB-A101-8F62AC92024D}"
EndProject
Project("{FAE04EC0-301F-11D3-BF4B-00C04F79EFBC}") = "Librerias", "Librerias\Librerias\Librerias.csproj", "{E544FE06-526E-42CC-9F5C-9F9B5E7EFCA0}"
EndProject
Global
	GlobalSection(SolutionConfigurationPlatforms) = preSolution
		Debug|Any CPU = Debug|Any CPU
		Release|Any CPU = Release|Any CPU
	EndGlobalSection
	GlobalSection(ProjectConfigurationPlatforms) = postSolution
		{3DFADF42-7446-43CB-A101-8F62AC92024D}.Debug|Any CPU.ActiveCfg = Debug|Any CPU
		{3DFADF42-7446-43CB-A101-8F62AC92024D}.Debug|Any CPU.Build.0 = Debug|Any CPU
		{3DFADF42-7446-43CB-A101-8F62AC92024D}.Release|Any CPU.ActiveCfg = Release|Any CPU
		{3DFADF42-7446-43CB-A101-8F62AC92024D}.Release|Any CPU.Build.0 = Release|Any CPU
		{E544FE06-526E-42CC-9F5C-9F9B5E7EFCA0}.Debug|Any CPU.ActiveCfg = Debug|Any CPU
		{E544FE06-526E-42CC-9F5C-9F9B5E7EFCA0}.Debug|Any CPU.Build.0 = Debug|Any CPU
		{E544FE06-526E-42CC-9F5C-9F9B5E7EFCA0}.Release|Any CPU.ActiveCfg = Release|Any CPU
		{E544FE06-526E-42CC-9F5C-9F9B5E7EFCA0}.Release|Any CPU.Build.0 = Release|Any CPU
	EndGlobalSection
	GlobalSection(SolutionProperties) = preSolution
		HideSolutionNode = FALSE
	EndGlobalSection
EndGlobal
